// !$*UTF8*$!
{
	archiveVersion = 1;
	classes = {
	};
	objectVersion = 46;
	objects = {

/* Begin PBXBuildFile section */
		01A92EE71F141369008069BC /* AppDelegate.swift in Sources */ = {isa = PBXBuildFile; fileRef = 01A92EE61F141369008069BC /* AppDelegate.swift */; };
		01A92EE91F141369008069BC /* ViewController.swift in Sources */ = {isa = PBXBuildFile; fileRef = 01A92EE81F141369008069BC /* ViewController.swift */; };
		01A92EEC1F141369008069BC /* Main.storyboard in Resources */ = {isa = PBXBuildFile; fileRef = 01A92EEA1F141369008069BC /* Main.storyboard */; };
		01A92EEE1F141369008069BC /* Assets.xcassets in Resources */ = {isa = PBXBuildFile; fileRef = 01A92EED1F141369008069BC /* Assets.xcassets */; };
		01A92EF11F141369008069BC /* LaunchScreen.storyboard in Resources */ = {isa = PBXBuildFile; fileRef = 01A92EEF1F141369008069BC /* LaunchScreen.storyboard */; };
		01A92EFC1F141369008069BC /* CoolWeatherTests.swift in Sources */ = {isa = PBXBuildFile; fileRef = 01A92EFB1F141369008069BC /* CoolWeatherTests.swift */; };
		01A92F071F141369008069BC /* CoolWeatherUITests.swift in Sources */ = {isa = PBXBuildFile; fileRef = 01A92F061F141369008069BC /* CoolWeatherUITests.swift */; };
/* End PBXBuildFile section */

/* Begin PBXContainerItemProxy section */
		01A92EF81F141369008069BC /* PBXContainerItemProxy */ = {
			isa = PBXContainerItemProxy;
			containerPortal = 01A92EDB1F141369008069BC /* Project object */;
			proxyType = 1;
			remoteGlobalIDString = 01A92EE21F141369008069BC;
			remoteInfo = CoolWeather;
		};
		01A92F031F141369008069BC /* PBXContainerItemProxy */ = {
			isa = PBXContainerItemProxy;
			containerPortal = 01A92EDB1F141369008069BC /* Project object */;
			proxyType = 1;
			remoteGlobalIDString = 01A92EE21F141369008069BC;
			remoteInfo = CoolWeather;
		};
/* End PBXContainerItemProxy section */

/* Begin PBXFileReference section */
		01A92EE31F141369008069BC /* CoolWeather.app */ = {isa = PBXFileReference; explicitFileType = wrapper.application; includeInIndex = 0; path = CoolWeather.app; sourceTree = BUILT_PRODUCTS_DIR; };
		01A92EE61F141369008069BC /* AppDelegate.swift */ = {isa = PBXFileReference; lastKnownFileType = sourcecode.swift; path = AppDelegate.swift; sourceTree = "<group>"; };
		01A92EE81F141369008069BC /* ViewController.swift */ = {isa = PBXFileReference; lastKnownFileType = sourcecode.swift; path = ViewController.swift; sourceTree = "<group>"; };
		01A92EEB1F141369008069BC /* Base */ = {isa = PBXFileReference; lastKnownFileType = file.storyboard; name = Base; path = Base.lproj/Main.storyboard; sourceTree = "<group>"; };
		01A92EED1F141369008069BC /* Assets.xcassets */ = {isa = PBXFileReference; lastKnownFileType = folder.assetcatalog; path = Assets.xcassets; sourceTree = "<group>"; };
		01A92EF01F141369008069BC /* Base */ = {isa = PBXFileReference; lastKnownFileType = file.storyboard; name = Base; path = Base.lproj/LaunchScreen.storyboard; sourceTree = "<group>"; };
		01A92EF21F141369008069BC /* Info.plist */ = {isa = PBXFileReference; lastKnownFileType = text.plist.xml; path = Info.plist; sourceTree = "<group>"; };
		01A92EF71F141369008069BC /* CoolWeatherTests.xctest */ = {isa = PBXFileReference; explicitFileType = wrapper.cfbundle; includeInIndex = 0; path = CoolWeatherTests.xctest; sourceTree = BUILT_PRODUCTS_DIR; };
		01A92EFB1F141369008069BC /* CoolWeatherTests.swift */ = {isa = PBXFileReference; lastKnownFileType = sourcecode.swift; path = CoolWeatherTests.swift; sourceTree = "<group>"; };
		01A92EFD1F141369008069BC /* Info.plist */ = {isa = PBXFileReference; lastKnownFileType = text.plist.xml; path = Info.plist; sourceTree = "<group>"; };
		01A92F021F141369008069BC /* CoolWeatherUITests.xctest */ = {isa = PBXFileReference; explicitFileType = wrapper.cfbundle; includeInIndex = 0; path = CoolWeatherUITests.xctest; sourceTree = BUILT_PRODUCTS_DIR; };
		01A92F061F141369008069BC /* CoolWeatherUITests.swift */ = {isa = PBXFileReference; lastKnownFileType = sourcecode.swift; path = CoolWeatherUITests.swift; sourceTree = "<group>"; };
		01A92F081F141369008069BC /* Info.plist */ = {isa = PBXFileReference; lastKnownFileType = text.plist.xml; path = Info.plist; sourceTree = "<group>"; };
/* End PBXFileReference section */

/* Begin PBXFrameworksBuildPhase section */
		01A92EE01F141369008069BC /* Frameworks */ = {
			isa = PBXFrameworksBuildPhase;
			buildActionMask = 2147483647;
			files = (
			);
			runOnlyForDeploymentPostprocessing = 0;
		};
		01A92EF41F141369008069BC /* Frameworks */ = {
			isa = PBXFrameworksBuildPhase;
			buildActionMask = 2147483647;
			files = (
			);
			runOnlyForDeploymentPostprocessing = 0;
		};
		01A92EFF1F141369008069BC /* Frameworks */ = {
			isa = PBXFrameworksBuildPhase;
			buildActionMask = 2147483647;
			files = (
			);
			runOnlyForDeploymentPostprocessing = 0;
		};
/* End PBXFrameworksBuildPhase section */

/* Begin PBXGroup section */
		01A92EDA1F141369008069BC = {
			isa = PBXGroup;
			children = (
				01A92EE51F141369008069BC /* CoolWeather */,
				01A92EFA1F141369008069BC /* CoolWeatherTests */,
				01A92F051F141369008069BC /* CoolWeatherUITests */,
				01A92EE41F141369008069BC /* Products */,
			);
			sourceTree = "<group>";
		};
		01A92EE41F141369008069BC /* Products */ = {
			isa = PBXGroup;
			children = (
				01A92EE31F141369008069BC /* CoolWeather.app */,
				01A92EF71F141369008069BC /* CoolWeatherTests.xctest */,
				01A92F021F141369008069BC /* CoolWeatherUITests.xctest */,
			);
			name = Products;
			sourceTree = "<group>";
		};
		01A92EE51F141369008069BC /* CoolWeather */ = {
			isa = PBXGroup;
			children = (
				01A92EE61F141369008069BC /* AppDelegate.swift */,
				01A92EE81F141369008069BC /* ViewController.swift */,
				01A92EEA1F141369008069BC /* Main.storyboard */,
				01A92EED1F141369008069BC /* Assets.xcassets */,
				01A92EEF1F141369008069BC /* LaunchScreen.storyboard */,
				01A92EF21F141369008069BC /* Info.plist */,
			);
			path = CoolWeather;
			sourceTree = "<group>";
		};
		01A92EFA1F141369008069BC /* CoolWeatherTests */ = {
			isa = PBXGroup;
			children = (
				01A92EFB1F141369008069BC /* CoolWeatherTests.swift */,
				01A92EFD1F141369008069BC /* Info.plist */,
			);
			path = CoolWeatherTests;
			sourceTree = "<group>";
		};
		01A92F051F141369008069BC /* CoolWeatherUITests */ = {
			isa = PBXGroup;
			children = (
				01A92F061F141369008069BC /* CoolWeatherUITests.swift */,
				01A92F081F141369008069BC /* Info.plist */,
			);
			path = CoolWeatherUITests;
			sourceTree = "<group>";
		};
/* End PBXGroup section */

/* Begin PBXNativeTarget section */
		01A92EE21F141369008069BC /* CoolWeather */ = {
			isa = PBXNativeTarget;
			buildConfigurationList = 01A92F0B1F141369008069BC /* Build configuration list for PBXNativeTarget "CoolWeather" */;
			buildPhases = (
				01A92EDF1F141369008069BC /* Sources */,
				01A92EE01F141369008069BC /* Frameworks */,
				01A92EE11F141369008069BC /* Resources */,
			);
			buildRules = (
			);
			dependencies = (
			);
			name = CoolWeather;
			productName = CoolWeather;
			productReference = 01A92EE31F141369008069BC /* CoolWeather.app */;
			productType = "com.apple.product-type.application";
		};
		01A92EF61F141369008069BC /* CoolWeatherTests */ = {
			isa = PBXNativeTarget;
			buildConfigurationList = 01A92F0E1F141369008069BC /* Build configuration list for PBXNativeTarget "CoolWeatherTests" */;
			buildPhases = (
				01A92EF31F141369008069BC /* Sources */,
				01A92EF41F141369008069BC /* Frameworks */,
				01A92EF51F141369008069BC /* Resources */,
			);
			buildRules = (
			);
			dependencies = (
				01A92EF91F141369008069BC /* PBXTargetDependency */,
			);
			name = CoolWeatherTests;
			productName = CoolWeatherTests;
			productReference = 01A92EF71F141369008069BC /* CoolWeatherTests.xctest */;
			productType = "com.apple.product-type.bundle.unit-test";
		};
		01A92F011F141369008069BC /* CoolWeatherUITests */ = {
			isa = PBXNativeTarget;
			buildConfigurationList = 01A92F111F141369008069BC /* Build configuration list for PBXNativeTarget "CoolWeatherUITests" */;
			buildPhases = (
				01A92EFE1F141369008069BC /* Sources */,
				01A92EFF1F141369008069BC /* Frameworks */,
				01A92F001F141369008069BC /* Resources */,
			);
			buildRules = (
			);
			dependencies = (
				01A92F041F141369008069BC /* PBXTargetDependency */,
			);
			name = CoolWeatherUITests;
			productName = CoolWeatherUITests;
			productReference = 01A92F021F141369008069BC /* CoolWeatherUITests.xctest */;
			productType = "com.apple.product-type.bundle.ui-testing";
		};
/* End PBXNativeTarget section */

/* Begin PBXProject section */
		01A92EDB1F141369008069BC /* Project object */ = {
			isa = PBXProject;
			attributes = {
				LastSwiftUpdateCheck = 0830;
				LastUpgradeCheck = 0830;
				ORGANIZATIONNAME = Codeators;
				TargetAttributes = {
					01A92EE21F141369008069BC = {
						CreatedOnToolsVersion = 8.3.2;
						DevelopmentTeam = CD82SJCP79;
						ProvisioningStyle = Automatic;
					};
					01A92EF61F141369008069BC = {
						CreatedOnToolsVersion = 8.3.2;
						DevelopmentTeam = CD82SJCP79;
						ProvisioningStyle = Automatic;
						TestTargetID = 01A92EE21F141369008069BC;
					};
					01A92F011F141369008069BC = {
						CreatedOnToolsVersion = 8.3.2;
						DevelopmentTeam = CD82SJCP79;
						ProvisioningStyle = Automatic;
						TestTargetID = 01A92EE21F141369008069BC;
					};
				};
			};
			buildConfigurationList = 01A92EDE1F141369008069BC /* Build configuration list for PBXProject "CoolWeather" */;
			compatibilityVersion = "Xcode 3.2";
			developmentRegion = English;
			hasScannedForEncodings = 0;
			knownRegions = (
				en,
				Base,
			);
			mainGroup = 01A92EDA1F141369008069BC;
			productRefGroup = 01A92EE41F141369008069BC /* Products */;
			projectDirPath = "";
			projectRoot = "";
			targets = (
				01A92EE21F141369008069BC /* CoolWeather */,
				01A92EF61F141369008069BC /* CoolWeatherTests */,
				01A92F011F141369008069BC /* CoolWeatherUITests */,
			);
		};
/* End PBXProject section */

/* Begin PBXResourcesBuildPhase section */
		01A92EE11F141369008069BC /* Resources */ = {
			isa = PBXResourcesBuildPhase;
			buildActionMask = 2147483647;
			files = (
				01A92EF11F141369008069BC /* LaunchScreen.storyboard in Resources */,
				01A92EEE1F141369008069BC /* Assets.xcassets in Resources */,
				01A92EEC1F141369008069BC /* Main.storyboard in Resources */,
			);
			runOnlyForDeploymentPostprocessing = 0;
		};
		01A92EF51F141369008069BC /* Resources */ = {
			isa = PBXResourcesBuildPhase;
			buildActionMask = 2147483647;
			files = (
			);
			runOnlyForDeploymentPostprocessing = 0;
		};
		01A92F001F141369008069BC /* Resources */ = {
			isa = PBXResourcesBuildPhase;
			buildActionMask = 2147483647;
			files = (
			);
			runOnlyForDeploymentPostprocessing = 0;
		};
/* End PBXResourcesBuildPhase section */

/* Begin PBXSourcesBuildPhase section */
		01A92EDF1F141369008069BC /* Sources */ = {
			isa = PBXSourcesBuildPhase;
			buildActionMask = 2147483647;
			files = (
				01A92EE91F141369008069BC /* ViewController.swift in Sources */,
				01A92EE71F141369008069BC /* AppDelegate.swift in Sources */,
			);
			runOnlyForDeploymentPostprocessing = 0;
		};
		01A92EF31F141369008069BC /* Sources */ = {
			isa = PBXSourcesBuildPhase;
			buildActionMask = 2147483647;
			files = (
				01A92EFC1F141369008069BC /* CoolWeatherTests.swift in Sources */,
			);
			runOnlyForDeploymentPostprocessing = 0;
		};
		01A92EFE1F141369008069BC /* Sources */ = {
			isa = PBXSourcesBuildPhase;
			buildActionMask = 2147483647;
			files = (
				01A92F071F141369008069BC /* CoolWeatherUITests.swift in Sources */,
			);
			runOnlyForDeploymentPostprocessing = 0;
		};
/* End PBXSourcesBuildPhase section */

/* Begin PBXTargetDependency section */
		01A92EF91F141369008069BC /* PBXTargetDependency */ = {
			isa = PBXTargetDependency;
			target = 01A92EE21F141369008069BC /* CoolWeather */;
			targetProxy = 01A92EF81F141369008069BC /* PBXContainerItemProxy */;
		};
		01A92F041F141369008069BC /* PBXTargetDependency */ = {
			isa = PBXTargetDependency;
			target = 01A92EE21F141369008069BC /* CoolWeather */;
			targetProxy = 01A92F031F141369008069BC /* PBXContainerItemProxy */;
		};
/* End PBXTargetDependency section */

/* Begin PBXVariantGroup section */
		01A92EEA1F141369008069BC /* Main.storyboard */ = {
			isa = PBXVariantGroup;
			children = (
				01A92EEB1F141369008069BC /* Base */,
			);
			name = Main.storyboard;
			sourceTree = "<group>";
		};
		01A92EEF1F141369008069BC /* LaunchScreen.storyboard */ = {
			isa = PBXVariantGroup;
			children = (
				01A92EF01F141369008069BC /* Base */,
			);
			name = LaunchScreen.storyboard;
			sourceTree = "<group>";
		};
/* End PBXVariantGroup section */

/* Begin XCBuildConfiguration section */
		01A92F091F141369008069BC /* Debug */ = {
			isa = XCBuildConfiguration;
			buildSettings = {
				ALWAYS_SEARCH_USER_PATHS = NO;
				CLANG_ANALYZER_NONNULL = YES;
				CLANG_ANALYZER_NUMBER_OBJECT_CONVERSION = YES_AGGRESSIVE;
				CLANG_CXX_LANGUAGE_STANDARD = "gnu++0x";
				CLANG_CXX_LIBRARY = "libc++";
				CLANG_ENABLE_MODULES = YES;
				CLANG_ENABLE_OBJC_ARC = YES;
				CLANG_WARN_BOOL_CONVERSION = YES;
				CLANG_WARN_CONSTANT_CONVERSION = YES;
				CLANG_WARN_DIRECT_OBJC_ISA_USAGE = YES_ERROR;
				CLANG_WARN_DOCUMENTATION_COMMENTS = YES;
				CLANG_WARN_EMPTY_BODY = YES;
				CLANG_WARN_ENUM_CONVERSION = YES;
				CLANG_WARN_INFINITE_RECURSION = YES;
				CLANG_WARN_INT_CONVERSION = YES;
				CLANG_WARN_OBJC_ROOT_CLASS = YES_ERROR;
				CLANG_WARN_SUSPICIOUS_MOVE = YES;
				CLANG_WARN_UNREACHABLE_CODE = YES;
				CLANG_WARN__DUPLICATE_METHOD_MATCH = YES;
				"CODE_SIGN_IDENTITY[sdk=iphoneos*]" = "iPhone Developer";
				COPY_PHASE_STRIP = NO;
				DEBUG_INFORMATION_FORMAT = dwarf;
				ENABLE_STRICT_OBJC_MSGSEND = YES;
				ENABLE_TESTABILITY = YES;
				GCC_C_LANGUAGE_STANDARD = gnu99;
				GCC_DYNAMIC_NO_PIC = NO;
				GCC_NO_COMMON_BLOCKS = YES;
				GCC_OPTIMIZATION_LEVEL = 0;
				GCC_PREPROCESSOR_DEFINITIONS = (
					"DEBUG=1",
					"$(inherited)",
				);
				GCC_WARN_64_TO_32_BIT_CONVERSION = YES;
				GCC_WARN_ABOUT_RETURN_TYPE = YES_ERROR;
				GCC_WARN_UNDECLARED_SELECTOR = YES;
				GCC_WARN_UNINITIALIZED_AUTOS = YES_AGGRESSIVE;
				GCC_WARN_UNUSED_FUNCTION = YES;
				GCC_WARN_UNUSED_VARIABLE = YES;
				IPHONEOS_DEPLOYMENT_TARGET = 10.3;
				MTL_ENABLE_DEBUG_INFO = YES;
				ONLY_ACTIVE_ARCH = YES;
				SDKROOT = iphoneos;
				SWIFT_ACTIVE_COMPILATION_CONDITIONS = DEBUG;
				SWIFT_OPTIMIZATION_LEVEL = "-Onone";
				TARGETED_DEVICE_FAMILY = "1,2";
			};
			name = Debug;
		};
		01A92F0A1F141369008069BC /* Release */ = {
			isa = XCBuildConfiguration;
			buildSettings = {
				ALWAYS_SEARCH_USER_PATHS = NO;
				CLANG_ANALYZER_NONNULL = YES;
				CLANG_ANALYZER_NUMBER_OBJECT_CONVERSION = YES_AGGRESSIVE;
				CLANG_CXX_LANGUAGE_STANDARD = "gnu++0x";
				CLANG_CXX_LIBRARY = "libc++";
				CLANG_ENABLE_MODULES = YES;
				CLANG_ENABLE_OBJC_ARC = YES;
				CLANG_WARN_BOOL_CONVERSION = YES;
				CLANG_WARN_CONSTANT_CONVERSION = YES;
				CLANG_WARN_DIRECT_OBJC_ISA_USAGE = YES_ERROR;
				CLANG_WARN_DOCUMENTATION_COMMENTS = YES;
				CLANG_WARN_EMPTY_BODY = YES;
				CLANG_WARN_ENUM_CONVERSION = YES;
				CLANG_WARN_INFINITE_RECURSION = YES;
				CLANG_WARN_INT_CONVERSION = YES;
				CLANG_WARN_OBJC_ROOT_CLASS = YES_ERROR;
				CLANG_WARN_SUSPICIOUS_MOVE = YES;
				CLANG_WARN_UNREACHABLE_CODE = YES;
				CLANG_WARN__DUPLICATE_METHOD_MATCH = YES;
				"CODE_SIGN_IDENTITY[sdk=iphoneos*]" = "iPhone Developer";
				COPY_PHASE_STRIP = NO;
				DEBUG_INFORMATION_FORMAT = "dwarf-with-dsym";
				ENABLE_NS_ASSERTIONS = NO;
				ENABLE_STRICT_OBJC_MSGSEND = YES;
				GCC_C_LANGUAGE_STANDARD = gnu99;
				GCC_NO_COMMON_BLOCKS = YES;
				GCC_WARN_64_TO_32_BIT_CONVERSION = YES;
				GCC_WARN_ABOUT_RETURN_TYPE = YES_ERROR;
				GCC_WARN_UNDECLARED_SELECTOR = YES;
				GCC_WARN_UNINITIALIZED_AUTOS = YES_AGGRESSIVE;
				GCC_WARN_UNUSED_FUNCTION = YES;
				GCC_WARN_UNUSED_VARIABLE = YES;
				IPHONEOS_DEPLOYMENT_TARGET = 10.3;
				MTL_ENABLE_DEBUG_INFO = NO;
				SDKROOT = iphoneos;
				SWIFT_OPTIMIZATION_LEVEL = "-Owholemodule";
				TARGETED_DEVICE_FAMILY = "1,2";
				VALIDATE_PRODUCT = YES;
			};
			name = Release;
		};
		01A92F0C1F141369008069BC /* Debug */ = {
			isa = XCBuildConfiguration;
			buildSettings = {
				ASSETCATALOG_COMPILER_APPICON_NAME = AppIcon;
				DEVELOPMENT_TEAM = CD82SJCP79;
				INFOPLIST_FILE = CoolWeather/Info.plist;
				LD_RUNPATH_SEARCH_PATHS = "$(inherited) @executable_path/Frameworks";
				PRODUCT_BUNDLE_IDENTIFIER = com.codeators.CoolWeather;
				PRODUCT_NAME = "$(TARGET_NAME)";
				SWIFT_VERSION = 3.0;
			};
			name = Debug;
		};
		01A92F0D1F141369008069BC /* Release */ = {
			isa = XCBuildConfiguration;
			buildSettings = {
				ASSETCATALOG_COMPILER_APPICON_NAME = AppIcon;
				DEVELOPMENT_TEAM = CD82SJCP79;
				INFOPLIST_FILE = CoolWeather/Info.plist;
				LD_RUNPATH_SEARCH_PATHS = "$(inherited) @executable_path/Frameworks";
				PRODUCT_BUNDLE_IDENTIFIER = com.codeators.CoolWeather;
				PRODUCT_NAME = "$(TARGET_NAME)";
				SWIFT_VERSION = 3.0;
			};
			name = Release;
		};
		01A92F0F1F141369008069BC /* Debug */ = {
			isa = XCBuildConfiguration;
			buildSettings = {
				ALWAYS_EMBED_SWIFT_STANDARD_LIBRARIES = YES;
				BUNDLE_LOADER = "$(TEST_HOST)";
				DEVELOPMENT_TEAM = CD82SJCP79;
				INFOPLIST_FILE = CoolWeatherTests/Info.plist;
				LD_RUNPATH_SEARCH_PATHS = "$(inherited) @executable_path/Frameworks @loader_path/Frameworks";
				PRODUCT_BUNDLE_IDENTIFIER = com.codeators.CoolWeatherTests;
				PRODUCT_NAME = "$(TARGET_NAME)";
				SWIFT_VERSION = 3.0;
				TEST_HOST = "$(BUILT_PRODUCTS_DIR)/CoolWeather.app/CoolWeather";
			};
			name = Debug;
		};
		01A92F101F141369008069BC /* Release */ = {
			isa = XCBuildConfiguration;
			buildSettings = {
				ALWAYS_EMBED_SWIFT_STANDARD_LIBRARIES = YES;
				BUNDLE_LOADER = "$(TEST_HOST)";
				DEVELOPMENT_TEAM = CD82SJCP79;
				INFOPLIST_FILE = CoolWeatherTests/Info.plist;
				LD_RUNPATH_SEARCH_PATHS = "$(inherited) @executable_path/Frameworks @loader_path/Frameworks";
				PRODUCT_BUNDLE_IDENTIFIER = com.codeators.CoolWeatherTests;
				PRODUCT_NAME = "$(TARGET_NAME)";
				SWIFT_VERSION = 3.0;
				TEST_HOST = "$(BUILT_PRODUCTS_DIR)/CoolWeather.app/CoolWeather";
			};
			name = Release;
		};
		01A92F121F141369008069BC /* Debug */ = {
			isa = XCBuildConfiguration;
			buildSettings = {
				ALWAYS_EMBED_SWIFT_STANDARD_LIBRARIES = YES;
				DEVELOPMENT_TEAM = CD82SJCP79;
				INFOPLIST_FILE = CoolWeatherUITests/Info.plist;
				LD_RUNPATH_SEARCH_PATHS = "$(inherited) @executable_path/Frameworks @loader_path/Frameworks";
				PRODUCT_BUNDLE_IDENTIFIER = com.codeators.CoolWeatherUITests;
				PRODUCT_NAME = "$(TARGET_NAME)";
				SWIFT_VERSION = 3.0;
				TEST_TARGET_NAME = CoolWeather;
			};
			name = Debug;
		};
		01A92F131F141369008069BC /* Release */ = {
			isa = XCBuildConfiguration;
			buildSettings = {
				ALWAYS_EMBED_SWIFT_STANDARD_LIBRARIES = YES;
				DEVELOPMENT_TEAM = CD82SJCP79;
				INFOPLIST_FILE = CoolWeatherUITests/Info.plist;
				LD_RUNPATH_SEARCH_PATHS = "$(inherited) @executable_path/Frameworks @loader_path/Frameworks";
				PRODUCT_BUNDLE_IDENTIFIER = com.codeators.CoolWeatherUITests;
				PRODUCT_NAME = "$(TARGET_NAME)";
				SWIFT_VERSION = 3.0;
				TEST_TARGET_NAME = CoolWeather;
			};
			name = Release;
		};
/* End XCBuildConfiguration section */

/* Begin XCConfigurationList section */
		01A92EDE1F141369008069BC /* Build configuration list for PBXProject "CoolWeather" */ = {
			isa = XCConfigurationList;
			buildConfigurations = (
				01A92F091F141369008069BC /* Debug */,
				01A92F0A1F141369008069BC /* Release */,
			);
			defaultConfigurationIsVisible = 0;
			defaultConfigurationName = Release;
		};
		01A92F0B1F141369008069BC /* Build configuration list for PBXNativeTarget "CoolWeather" */ = {
			isa = XCConfigurationList;
			buildConfigurations = (
				01A92F0C1F141369008069BC /* Debug */,
				01A92F0D1F141369008069BC /* Release */,
			);
			defaultConfigurationIsVisible = 0;
		};
		01A92F0E1F141369008069BC /* Build configuration list for PBXNativeTarget "CoolWeatherTests" */ = {
			isa = XCConfigurationList;
			buildConfigurations = (
				01A92F0F1F141369008069BC /* Debug */,
				01A92F101F141369008069BC /* Release */,
			);
			defaultConfigurationIsVisible = 0;
		};
		01A92F111F141369008069BC /* Build configuration list for PBXNativeTarget "CoolWeatherUITests" */ = {
			isa = XCConfigurationList;
			buildConfigurations = (
				01A92F121F141369008069BC /* Debug */,
				01A92F131F141369008069BC /* Release */,
			);
			defaultConfigurationIsVisible = 0;
		};
/* End XCConfigurationList section */
	};
	rootObject = 01A92EDB1F141369008069BC /* Project object */;
}
